
Microsoft Visual Studio Solution File, Format Version 12.00
# Visual Studio 15
VisualStudioVersion = 15.0.27703.2042
MinimumVisualStudioVersion = 10.0.40219.1
Project("{FAE04EC0-301F-11D3-BF4B-00C04F79EFBC}") = "HSBCPROJECT", "HSBCPROJECT\HSBCPROJECT.csproj", "{D864482E-6582-44AE-9A4C-17D142F14BE7}"
EndProject
Global
	GlobalSection(SolutionConfigurationPlatforms) = preSolution
		Debug|Any CPU = Debug|Any CPU
		Release|Any CPU = Release|Any CPU
	EndGlobalSection
	GlobalSection(ProjectConfigurationPlatforms) = postSolution
		{D864482E-6582-44AE-9A4C-17D142F14BE7}.Debug|Any CPU.ActiveCfg = Debug|Any CPU
		{D864482E-6582-44AE-9A4C-17D142F14BE7}.Debug|Any CPU.Build.0 = Debug|Any CPU
		{D864482E-6582-44AE-9A4C-17D142F14BE7}.Release|Any CPU.ActiveCfg = Release|Any CPU
		{D864482E-6582-44AE-9A4C-17D142F14BE7}.Release|Any CPU.Build.0 = Release|Any CPU
	EndGlobalSection
	GlobalSection(SolutionProperties) = preSolution
		HideSolutionNode = FALSE
	EndGlobalSection
	GlobalSection(ExtensibilityGlobals) = postSolution
		SolutionGuid = {185E316D-D9C0-4B77-A488-D74A5138234B}
	EndGlobalSection
EndGlobal
